
Microsoft Visual Studio Solution File, Format Version 11.00
# Visual Studio 2010
Project("{FAE04EC0-301F-11D3-BF4B-00C04F79EFBC}") = "Xbox360Game1", "Xbox360Game1\Xbox360Game1\Xbox360Game1.csproj", "{52627975-B98B-45A7-9584-CCD45CCD3329}"
EndProject
Project("{96E2B04D-8817-42C6-938A-82C39BA4D311}") = "Xbox360Game1Content", "Xbox360Game1\Xbox360Game1Content\Xbox360Game1Content.contentproj", "{A61B2468-1994-469F-A8D6-7B33B27DD712}"
EndProject
Global
	GlobalSection(SolutionConfigurationPlatforms) = preSolution
		Debug|Xbox 360 = Debug|Xbox 360
		Release|Xbox 360 = Release|Xbox 360
	EndGlobalSection
	GlobalSection(ProjectConfigurationPlatforms) = postSolution
		{52627975-B98B-45A7-9584-CCD45CCD3329}.Debug|Xbox 360.ActiveCfg = Debug|Xbox 360
		{52627975-B98B-45A7-9584-CCD45CCD3329}.Debug|Xbox 360.Build.0 = Debug|Xbox 360
		{52627975-B98B-45A7-9584-CCD45CCD3329}.Debug|Xbox 360.Deploy.0 = Debug|Xbox 360
		{52627975-B98B-45A7-9584-CCD45CCD3329}.Release|Xbox 360.ActiveCfg = Release|Xbox 360
		{52627975-B98B-45A7-9584-CCD45CCD3329}.Release|Xbox 360.Build.0 = Release|Xbox 360
		{52627975-B98B-45A7-9584-CCD45CCD3329}.Release|Xbox 360.Deploy.0 = Release|Xbox 360
		{A61B2468-1994-469F-A8D6-7B33B27DD712}.Debug|Xbox 360.ActiveCfg = Debug|Xbox 360
		{A61B2468-1994-469F-A8D6-7B33B27DD712}.Release|Xbox 360.ActiveCfg = Release|Xbox 360
	EndGlobalSection
	GlobalSection(SolutionProperties) = preSolution
		HideSolutionNode = FALSE
	EndGlobalSection
EndGlobal
